// !$*UTF8*$!
{
	archiveVersion = 1;
	classes = {
	};
	objectVersion = 50;
	objects = {

/* Begin PBXBuildFile section */
		451CFE6125F0CAE500F904CF /* AppDelegate.swift in Sources */ = {isa = PBXBuildFile; fileRef = 451CFE6025F0CAE500F904CF /* AppDelegate.swift */; };
		451CFE6525F0CAE500F904CF /* ViewController.swift in Sources */ = {isa = PBXBuildFile; fileRef = 451CFE6425F0CAE500F904CF /* ViewController.swift */; };
		451CFE6A25F0CAE900F904CF /* Assets.xcassets in Resources */ = {isa = PBXBuildFile; fileRef = 451CFE6925F0CAE900F904CF /* Assets.xcassets */; };
		451CFE6D25F0CAE900F904CF /* LaunchScreen.storyboard in Resources */ = {isa = PBXBuildFile; fileRef = 451CFE6B25F0CAE900F904CF /* LaunchScreen.storyboard */; };
		452C09F425F93CCC00252244 /* Toasty.framework in Frameworks */ = {isa = PBXBuildFile; fileRef = 452C09F325F93CCC00252244 /* Toasty.framework */; };
		452C09F525F93CCC00252244 /* Toasty.framework in Embed Frameworks */ = {isa = PBXBuildFile; fileRef = 452C09F325F93CCC00252244 /* Toasty.framework */; settings = {ATTRIBUTES = (CodeSignOnCopy, RemoveHeadersOnCopy, ); }; };
/* End PBXBuildFile section */

/* Begin PBXCopyFilesBuildPhase section */
		452C09F625F93CCC00252244 /* Embed Frameworks */ = {
			isa = PBXCopyFilesBuildPhase;
			buildActionMask = 2147483647;
			dstPath = "";
			dstSubfolderSpec = 10;
			files = (
				452C09F525F93CCC00252244 /* Toasty.framework in Embed Frameworks */,
			);
			name = "Embed Frameworks";
			runOnlyForDeploymentPostprocessing = 0;
		};
/* End PBXCopyFilesBuildPhase section */

/* Begin PBXFileReference section */
		451CFE5D25F0CAE500F904CF /* Toast Example.app */ = {isa = PBXFileReference; explicitFileType = wrapper.application; includeInIndex = 0; path = "Toast Example.app"; sourceTree = BUILT_PRODUCTS_DIR; };
		451CFE6025F0CAE500F904CF /* AppDelegate.swift */ = {isa = PBXFileReference; lastKnownFileType = sourcecode.swift; path = AppDelegate.swift; sourceTree = "<group>"; };
		451CFE6425F0CAE500F904CF /* ViewController.swift */ = {isa = PBXFileReference; lastKnownFileType = sourcecode.swift; path = ViewController.swift; sourceTree = "<group>"; };
		451CFE6925F0CAE900F904CF /* Assets.xcassets */ = {isa = PBXFileReference; lastKnownFileType = folder.assetcatalog; path = Assets.xcassets; sourceTree = "<group>"; };
		451CFE6C25F0CAE900F904CF /* Base */ = {isa = PBXFileReference; lastKnownFileType = file.storyboard; name = Base; path = Base.lproj/LaunchScreen.storyboard; sourceTree = "<group>"; };
		451CFE6E25F0CAE900F904CF /* Info.plist */ = {isa = PBXFileReference; lastKnownFileType = text.plist.xml; path = Info.plist; sourceTree = "<group>"; };
		452C09F325F93CCC00252244 /* Toasty.framework */ = {isa = PBXFileReference; explicitFileType = wrapper.framework; path = Toasty.framework; sourceTree = BUILT_PRODUCTS_DIR; };
		45CB3EBE25F0E6430046EC46 /* HoveringPopUp.framework */ = {isa = PBXFileReference; explicitFileType = wrapper.framework; path = HoveringPopUp.framework; sourceTree = BUILT_PRODUCTS_DIR; };
/* End PBXFileReference section */

/* Begin PBXFrameworksBuildPhase section */
		451CFE5A25F0CAE500F904CF /* Frameworks */ = {
			isa = PBXFrameworksBuildPhase;
			buildActionMask = 2147483647;
			files = (
				452C09F425F93CCC00252244 /* Toasty.framework in Frameworks */,
			);
			runOnlyForDeploymentPostprocessing = 0;
		};
/* End PBXFrameworksBuildPhase section */

/* Begin PBXGroup section */
		451CFE5425F0CAE400F904CF = {
			isa = PBXGroup;
			children = (
				451CFE5F25F0CAE500F904CF /* Toast Example */,
				451CFE5E25F0CAE500F904CF /* Products */,
				45CB3EBD25F0E6430046EC46 /* Frameworks */,
			);
			sourceTree = "<group>";
		};
		451CFE5E25F0CAE500F904CF /* Products */ = {
			isa = PBXGroup;
			children = (
				451CFE5D25F0CAE500F904CF /* Toast Example.app */,
			);
			name = Products;
			sourceTree = "<group>";
		};
		451CFE5F25F0CAE500F904CF /* Toast Example */ = {
			isa = PBXGroup;
			children = (
				451CFE6025F0CAE500F904CF /* AppDelegate.swift */,
				451CFE6425F0CAE500F904CF /* ViewController.swift */,
				451CFE6925F0CAE900F904CF /* Assets.xcassets */,
				451CFE6B25F0CAE900F904CF /* LaunchScreen.storyboard */,
				451CFE6E25F0CAE900F904CF /* Info.plist */,
			);
			path = "Toast Example";
			sourceTree = "<group>";
		};
		45CB3EBD25F0E6430046EC46 /* Frameworks */ = {
			isa = PBXGroup;
			children = (
				452C09F325F93CCC00252244 /* Toasty.framework */,
				45CB3EBE25F0E6430046EC46 /* HoveringPopUp.framework */,
			);
			name = Frameworks;
			sourceTree = "<group>";
		};
/* End PBXGroup section */

/* Begin PBXNativeTarget section */
		451CFE5C25F0CAE500F904CF /* Toast Example */ = {
			isa = PBXNativeTarget;
			buildConfigurationList = 451CFE7125F0CAE900F904CF /* Build configuration list for PBXNativeTarget "Toast Example" */;
			buildPhases = (
				451CFE5925F0CAE500F904CF /* Sources */,
				451CFE5A25F0CAE500F904CF /* Frameworks */,
				451CFE5B25F0CAE500F904CF /* Resources */,
				452C09F625F93CCC00252244 /* Embed Frameworks */,
			);
			buildRules = (
			);
			dependencies = (
			);
			name = "Toast Example";
			productName = "Toast Example";
			productReference = 451CFE5D25F0CAE500F904CF /* Toast Example.app */;
			productType = "com.apple.product-type.application";
		};
/* End PBXNativeTarget section */

/* Begin PBXProject section */
		451CFE5525F0CAE400F904CF /* Project object */ = {
			isa = PBXProject;
			attributes = {
				LastSwiftUpdateCheck = 1240;
				LastUpgradeCheck = 1240;
				TargetAttributes = {
					451CFE5C25F0CAE500F904CF = {
						CreatedOnToolsVersion = 12.4;
					};
				};
			};
			buildConfigurationList = 451CFE5825F0CAE400F904CF /* Build configuration list for PBXProject "Toast Example" */;
			compatibilityVersion = "Xcode 9.3";
			developmentRegion = en;
			hasScannedForEncodings = 0;
			knownRegions = (
				en,
				Base,
			);
			mainGroup = 451CFE5425F0CAE400F904CF;
			productRefGroup = 451CFE5E25F0CAE500F904CF /* Products */;
			projectDirPath = "";
			projectRoot = "";
			targets = (
				451CFE5C25F0CAE500F904CF /* Toast Example */,
			);
		};
/* End PBXProject section */

/* Begin PBXResourcesBuildPhase section */
		451CFE5B25F0CAE500F904CF /* Resources */ = {
			isa = PBXResourcesBuildPhase;
			buildActionMask = 2147483647;
			files = (
				451CFE6D25F0CAE900F904CF /* LaunchScreen.storyboard in Resources */,
				451CFE6A25F0CAE900F904CF /* Assets.xcassets in Resources */,
			);
			runOnlyForDeploymentPostprocessing = 0;
		};
/* End PBXResourcesBuildPhase section */

/* Begin PBXSourcesBuildPhase section */
		451CFE5925F0CAE500F904CF /* Sources */ = {
			isa = PBXSourcesBuildPhase;
			buildActionMask = 2147483647;
			files = (
				451CFE6525F0CAE500F904CF /* ViewController.swift in Sources */,
				451CFE6125F0CAE500F904CF /* AppDelegate.swift in Sources */,
			);
			runOnlyForDeploymentPostprocessing = 0;
		};
/* End PBXSourcesBuildPhase section */

/* Begin PBXVariantGroup section */
		451CFE6B25F0CAE900F904CF /* LaunchScreen.storyboard */ = {
			isa = PBXVariantGroup;
			children = (
				451CFE6C25F0CAE900F904CF /* Base */,
			);
			name = LaunchScreen.storyboard;
			sourceTree = "<group>";
		};
/* End PBXVariantGroup section */

/* Begin XCBuildConfiguration section */
		451CFE6F25F0CAE900F904CF /* Debug */ = {
			isa = XCBuildConfiguration;
			buildSettings = {
				ALWAYS_SEARCH_USER_PATHS = NO;
				CLANG_ANALYZER_NONNULL = YES;
				CLANG_ANALYZER_NUMBER_OBJECT_CONVERSION = YES_AGGRESSIVE;
				CLANG_CXX_LANGUAGE_STANDARD = "gnu++14";
				CLANG_CXX_LIBRARY = "libc++";
				CLANG_ENABLE_MODULES = YES;
				CLANG_ENABLE_OBJC_ARC = YES;
				CLANG_ENABLE_OBJC_WEAK = YES;
				CLANG_WARN_BLOCK_CAPTURE_AUTORELEASING = YES;
				CLANG_WARN_BOOL_CONVERSION = YES;
				CLANG_WARN_COMMA = YES;
				CLANG_WARN_CONSTANT_CONVERSION = YES;
				CLANG_WARN_DEPRECATED_OBJC_IMPLEMENTATIONS = YES;
				CLANG_WARN_DIRECT_OBJC_ISA_USAGE = YES_ERROR;
				CLANG_WARN_DOCUMENTATION_COMMENTS = YES;
				CLANG_WARN_EMPTY_BODY = YES;
				CLANG_WARN_ENUM_CONVERSION = YES;
				CLANG_WARN_INFINITE_RECURSION = YES;
				CLANG_WARN_INT_CONVERSION = YES;
				CLANG_WARN_NON_LITERAL_NULL_CONVERSION = YES;
				CLANG_WARN_OBJC_IMPLICIT_RETAIN_SELF = YES;
				CLANG_WARN_OBJC_LITERAL_CONVERSION = YES;
				CLANG_WARN_OBJC_ROOT_CLASS = YES_ERROR;
				CLANG_WARN_QUOTED_INCLUDE_IN_FRAMEWORK_HEADER = YES;
				CLANG_WARN_RANGE_LOOP_ANALYSIS = YES;
				CLANG_WARN_STRICT_PROTOTYPES = YES;
				CLANG_WARN_SUSPICIOUS_MOVE = YES;
				CLANG_WARN_UNGUARDED_AVAILABILITY = YES_AGGRESSIVE;
				CLANG_WARN_UNREACHABLE_CODE = YES;
				CLANG_WARN__DUPLICATE_METHOD_MATCH = YES;
				COPY_PHASE_STRIP = NO;
				DEBUG_INFORMATION_FORMAT = dwarf;
				ENABLE_STRICT_OBJC_MSGSEND = YES;
				ENABLE_TESTABILITY = YES;
				GCC_C_LANGUAGE_STANDARD = gnu11;
				GCC_DYNAMIC_NO_PIC = NO;
				GCC_NO_COMMON_BLOCKS = YES;
				GCC_OPTIMIZATION_LEVEL = 0;
				GCC_PREPROCESSOR_DEFINITIONS = (
					"DEBUG=1",
					"$(inherited)",
				);
				GCC_WARN_64_TO_32_BIT_CONVERSION = YES;
				GCC_WARN_ABOUT_RETURN_TYPE = YES_ERROR;
				GCC_WARN_UNDECLARED_SELECTOR = YES;
				GCC_WARN_UNINITIALIZED_AUTOS = YES_AGGRESSIVE;
				GCC_WARN_UNUSED_FUNCTION = YES;
				GCC_WARN_UNUSED_VARIABLE = YES;
				IPHONEOS_DEPLOYMENT_TARGET = 14.4;
				MTL_ENABLE_DEBUG_INFO = INCLUDE_SOURCE;
				MTL_FAST_MATH = YES;
				ONLY_ACTIVE_ARCH = YES;
				SDKROOT = iphoneos;
				SWIFT_ACTIVE_COMPILATION_CONDITIONS = DEBUG;
				SWIFT_OPTIMIZATION_LEVEL = "-Onone";
			};
			name = Debug;
		};
		451CFE7025F0CAE900F904CF /* Release */ = {
			isa = XCBuildConfiguration;
			buildSettings = {
				ALWAYS_SEARCH_USER_PATHS = NO;
				CLANG_ANALYZER_NONNULL = YES;
				CLANG_ANALYZER_NUMBER_OBJECT_CONVERSION = YES_AGGRESSIVE;
				CLANG_CXX_LANGUAGE_STANDARD = "gnu++14";
				CLANG_CXX_LIBRARY = "libc++";
				CLANG_ENABLE_MODULES = YES;
				CLANG_ENABLE_OBJC_ARC = YES;
				CLANG_ENABLE_OBJC_WEAK = YES;
				CLANG_WARN_BLOCK_CAPTURE_AUTORELEASING = YES;
				CLANG_WARN_BOOL_CONVERSION = YES;
				CLANG_WARN_COMMA = YES;
				CLANG_WARN_CONSTANT_CONVERSION = YES;
				CLANG_WARN_DEPRECATED_OBJC_IMPLEMENTATIONS = YES;
				CLANG_WARN_DIRECT_OBJC_ISA_USAGE = YES_ERROR;
				CLANG_WARN_DOCUMENTATION_COMMENTS = YES;
				CLANG_WARN_EMPTY_BODY = YES;
				CLANG_WARN_ENUM_CONVERSION = YES;
				CLANG_WARN_INFINITE_RECURSION = YES;
				CLANG_WARN_INT_CONVERSION = YES;
				CLANG_WARN_NON_LITERAL_NULL_CONVERSION = YES;
				CLANG_WARN_OBJC_IMPLICIT_RETAIN_SELF = YES;
				CLANG_WARN_OBJC_LITERAL_CONVERSION = YES;
				CLANG_WARN_OBJC_ROOT_CLASS = YES_ERROR;
				CLANG_WARN_QUOTED_INCLUDE_IN_FRAMEWORK_HEADER = YES;
				CLANG_WARN_RANGE_LOOP_ANALYSIS = YES;
				CLANG_WARN_STRICT_PROTOTYPES = YES;
				CLANG_WARN_SUSPICIOUS_MOVE = YES;
				CLANG_WARN_UNGUARDED_AVAILABILITY = YES_AGGRESSIVE;
				CLANG_WARN_UNREACHABLE_CODE = YES;
				CLANG_WARN__DUPLICATE_METHOD_MATCH = YES;
				COPY_PHASE_STRIP = NO;
				DEBUG_INFORMATION_FORMAT = "dwarf-with-dsym";
				ENABLE_NS_ASSERTIONS = NO;
				ENABLE_STRICT_OBJC_MSGSEND = YES;
				GCC_C_LANGUAGE_STANDARD = gnu11;
				GCC_NO_COMMON_BLOCKS = YES;
				GCC_WARN_64_TO_32_BIT_CONVERSION = YES;
				GCC_WARN_ABOUT_RETURN_TYPE = YES_ERROR;
				GCC_WARN_UNDECLARED_SELECTOR = YES;
				GCC_WARN_UNINITIALIZED_AUTOS = YES_AGGRESSIVE;
				GCC_WARN_UNUSED_FUNCTION = YES;
				GCC_WARN_UNUSED_VARIABLE = YES;
				IPHONEOS_DEPLOYMENT_TARGET = 14.4;
				MTL_ENABLE_DEBUG_INFO = NO;
				MTL_FAST_MATH = YES;
				SDKROOT = iphoneos;
				SWIFT_COMPILATION_MODE = wholemodule;
				SWIFT_OPTIMIZATION_LEVEL = "-O";
				VALIDATE_PRODUCT = YES;
			};
			name = Release;
		};
		451CFE7225F0CAE900F904CF /* Debug */ = {
			isa = XCBuildConfiguration;
			buildSettings = {
				ASSETCATALOG_COMPILER_APPICON_NAME = AppIcon;
				ASSETCATALOG_COMPILER_GLOBAL_ACCENT_COLOR_NAME = AccentColor;
				CODE_SIGN_STYLE = Automatic;
				DEVELOPMENT_TEAM = 589RNFRDJ2;
				INFOPLIST_FILE = "Toast Example/Info.plist";
				IPHONEOS_DEPLOYMENT_TARGET = 11.0;
				LD_RUNPATH_SEARCH_PATHS = (
					"$(inherited)",
					"@executable_path/Frameworks",
				);
				PRODUCT_BUNDLE_IDENTIFIER = "shadow.co.Toast-Example";
				PRODUCT_NAME = "$(TARGET_NAME)";
				SWIFT_VERSION = 5.0;
				TARGETED_DEVICE_FAMILY = "1,2";
			};
			name = Debug;
		};
		451CFE7325F0CAE900F904CF /* Release */ = {
			isa = XCBuildConfiguration;
			buildSettings = {
				ASSETCATALOG_COMPILER_APPICON_NAME = AppIcon;
				ASSETCATALOG_COMPILER_GLOBAL_ACCENT_COLOR_NAME = AccentColor;
				CODE_SIGN_STYLE = Automatic;
				DEVELOPMENT_TEAM = 589RNFRDJ2;
				INFOPLIST_FILE = "Toast Example/Info.plist";
				IPHONEOS_DEPLOYMENT_TARGET = 11.0;
				LD_RUNPATH_SEARCH_PATHS = (
					"$(inherited)",
					"@executable_path/Frameworks",
				);
				PRODUCT_BUNDLE_IDENTIFIER = "shadow.co.Toast-Example";
				PRODUCT_NAME = "$(TARGET_NAME)";
				SWIFT_VERSION = 5.0;
				TARGETED_DEVICE_FAMILY = "1,2";
			};
			name = Release;
		};
/* End XCBuildConfiguration section */

/* Begin XCConfigurationList section */
		451CFE5825F0CAE400F904CF /* Build configuration list for PBXProject "Toast Example" */ = {
			isa = XCConfigurationList;
			buildConfigurations = (
				451CFE6F25F0CAE900F904CF /* Debug */,
				451CFE7025F0CAE900F904CF /* Release */,
			);
			defaultConfigurationIsVisible = 0;
			defaultConfigurationName = Release;
		};
		451CFE7125F0CAE900F904CF /* Build configuration list for PBXNativeTarget "Toast Example" */ = {
			isa = XCConfigurationList;
			buildConfigurations = (
				451CFE7225F0CAE900F904CF /* Debug */,
				451CFE7325F0CAE900F904CF /* Release */,
			);
			defaultConfigurationIsVisible = 0;
			defaultConfigurationName = Release;
		};
/* End XCConfigurationList section */
	};
	rootObject = 451CFE5525F0CAE400F904CF /* Project object */;
}
